// !$*UTF8*$!
{
	archiveVersion = 1;
	classes = {
	};
	objectVersion = 46;
	objects = {

/* Begin PBXBuildFile section */
		AF5258E515A1D3AC00C26CFE /* CoreLocation.framework in Frameworks */ = {isa = PBXBuildFile; fileRef = AF5258E415A1D3AC00C26CFE /* CoreLocation.framework */; };
		AF5258EA15A1D76F00C26CFE /* CoreLocation.framework in Frameworks */ = {isa = PBXBuildFile; fileRef = AF5258E415A1D3AC00C26CFE /* CoreLocation.framework */; };
		AF58185115AE1B1B002FA5DB /* NSMutableURLRequest+Parameters.m in Sources */ = {isa = PBXBuildFile; fileRef = AF58182915AE1B1B002FA5DB /* NSMutableURLRequest+Parameters.m */; settings = {COMPILER_FLAGS = "-fno-objc-arc"; }; };
		AF58185215AE1B1B002FA5DB /* NSString+URLEncoding.m in Sources */ = {isa = PBXBuildFile; fileRef = AF58182B15AE1B1B002FA5DB /* NSString+URLEncoding.m */; settings = {COMPILER_FLAGS = "-fno-objc-arc"; }; };
		AF58185315AE1B1B002FA5DB /* NSURL+Base.m in Sources */ = {isa = PBXBuildFile; fileRef = AF58182D15AE1B1B002FA5DB /* NSURL+Base.m */; settings = {COMPILER_FLAGS = "-fno-objc-arc"; }; };
		AF58185415AE1B1B002FA5DB /* Base64Transcoder.c in Sources */ = {isa = PBXBuildFile; fileRef = AF58182F15AE1B1B002FA5DB /* Base64Transcoder.c */; settings = {COMPILER_FLAGS = "-fno-objc-arc"; }; };
		AF58185515AE1B1B002FA5DB /* hmac.c in Sources */ = {isa = PBXBuildFile; fileRef = AF58183115AE1B1B002FA5DB /* hmac.c */; settings = {COMPILER_FLAGS = "-fno-objc-arc"; }; };
		AF58185615AE1B1B002FA5DB /* sha1.c in Sources */ = {isa = PBXBuildFile; fileRef = AF58183315AE1B1B002FA5DB /* sha1.c */; settings = {COMPILER_FLAGS = "-fno-objc-arc"; }; };
		AF58185715AE1B1B002FA5DB /* OAAttachment.m in Sources */ = {isa = PBXBuildFile; fileRef = AF58183615AE1B1B002FA5DB /* OAAttachment.m */; settings = {COMPILER_FLAGS = "-fno-objc-arc"; }; };
		AF58185815AE1B1B002FA5DB /* OACall.m in Sources */ = {isa = PBXBuildFile; fileRef = AF58183815AE1B1B002FA5DB /* OACall.m */; settings = {COMPILER_FLAGS = "-fno-objc-arc"; }; };
		AF58185915AE1B1B002FA5DB /* OAConsumer.m in Sources */ = {isa = PBXBuildFile; fileRef = AF58183A15AE1B1B002FA5DB /* OAConsumer.m */; settings = {COMPILER_FLAGS = "-fno-objc-arc"; }; };
		AF58185A15AE1B1B002FA5DB /* OADataFetcher.m in Sources */ = {isa = PBXBuildFile; fileRef = AF58183C15AE1B1B002FA5DB /* OADataFetcher.m */; settings = {COMPILER_FLAGS = "-fno-objc-arc"; }; };
		AF58185B15AE1B1B002FA5DB /* OAHMAC_SHA1SignatureProvider.m in Sources */ = {isa = PBXBuildFile; fileRef = AF58183E15AE1B1B002FA5DB /* OAHMAC_SHA1SignatureProvider.m */; settings = {COMPILER_FLAGS = "-fno-objc-arc"; }; };
		AF58185C15AE1B1B002FA5DB /* OAMutableURLRequest.m in Sources */ = {isa = PBXBuildFile; fileRef = AF58184015AE1B1B002FA5DB /* OAMutableURLRequest.m */; settings = {COMPILER_FLAGS = "-fno-objc-arc"; }; };
		AF58185D15AE1B1B002FA5DB /* OAPlaintextSignatureProvider.m in Sources */ = {isa = PBXBuildFile; fileRef = AF58184215AE1B1B002FA5DB /* OAPlaintextSignatureProvider.m */; settings = {COMPILER_FLAGS = "-fno-objc-arc"; }; };
		AF58185E15AE1B1B002FA5DB /* OAProblem.m in Sources */ = {isa = PBXBuildFile; fileRef = AF58184415AE1B1B002FA5DB /* OAProblem.m */; settings = {COMPILER_FLAGS = "-fno-objc-arc"; }; };
		AF58185F15AE1B1B002FA5DB /* OARequestParameter.m in Sources */ = {isa = PBXBuildFile; fileRef = AF58184615AE1B1B002FA5DB /* OARequestParameter.m */; settings = {COMPILER_FLAGS = "-fno-objc-arc"; }; };
		AF58186015AE1B1B002FA5DB /* OAServiceTicket.m in Sources */ = {isa = PBXBuildFile; fileRef = AF58184815AE1B1B002FA5DB /* OAServiceTicket.m */; settings = {COMPILER_FLAGS = "-fno-objc-arc"; }; };
		AF58186115AE1B1B002FA5DB /* OAToken.m in Sources */ = {isa = PBXBuildFile; fileRef = AF58184C15AE1B1B002FA5DB /* OAToken.m */; settings = {COMPILER_FLAGS = "-fno-objc-arc"; }; };
		AF58186215AE1B1B002FA5DB /* OATokenManager.m in Sources */ = {isa = PBXBuildFile; fileRef = AF58184E15AE1B1B002FA5DB /* OATokenManager.m */; settings = {COMPILER_FLAGS = "-fno-objc-arc"; }; };
		AF58186515AE1B58002FA5DB /* Security.framework in Frameworks */ = {isa = PBXBuildFile; fileRef = AF58186415AE1B58002FA5DB /* Security.framework */; };
		AF58186715AE1B65002FA5DB /* libxml2.dylib in Frameworks */ = {isa = PBXBuildFile; fileRef = AF58186615AE1B65002FA5DB /* libxml2.dylib */; };
		AF58186915AE2208002FA5DB /* UIKit.framework in Frameworks */ = {isa = PBXBuildFile; fileRef = AF58186815AE2208002FA5DB /* UIKit.framework */; };
		AFEC4B15159CBEA400B3D27E /* Foundation.framework in Frameworks */ = {isa = PBXBuildFile; fileRef = AFEC4B14159CBEA400B3D27E /* Foundation.framework */; };
		AFEC4B1A159CBEA400B3D27E /* BSLocalSearch.h in CopyFiles */ = {isa = PBXBuildFile; fileRef = AFEC4B19159CBEA400B3D27E /* BSLocalSearch.h */; };
		AFEC4B1C159CBEA400B3D27E /* BSLocalSearch.m in Sources */ = {isa = PBXBuildFile; fileRef = AFEC4B1B159CBEA400B3D27E /* BSLocalSearch.m */; };
		AFEC4B24159CBEA500B3D27E /* SenTestingKit.framework in Frameworks */ = {isa = PBXBuildFile; fileRef = AFEC4B23159CBEA500B3D27E /* SenTestingKit.framework */; };
		AFEC4B26159CBEA500B3D27E /* UIKit.framework in Frameworks */ = {isa = PBXBuildFile; fileRef = AFEC4B25159CBEA500B3D27E /* UIKit.framework */; };
		AFEC4B27159CBEA500B3D27E /* Foundation.framework in Frameworks */ = {isa = PBXBuildFile; fileRef = AFEC4B14159CBEA400B3D27E /* Foundation.framework */; };
		AFEC4B2A159CBEA500B3D27E /* libBSLocalSearch.a in Frameworks */ = {isa = PBXBuildFile; fileRef = AFEC4B11159CBEA400B3D27E /* libBSLocalSearch.a */; };
		AFEC4B30159CBEA500B3D27E /* InfoPlist.strings in Resources */ = {isa = PBXBuildFile; fileRef = AFEC4B2E159CBEA500B3D27E /* InfoPlist.strings */; };
		AFEC4B33159CBEA500B3D27E /* LocalSearchTests.m in Sources */ = {isa = PBXBuildFile; fileRef = AFEC4B32159CBEA500B3D27E /* LocalSearchTests.m */; };
		AFEC4B42159CBFA300B3D27E /* JSONKit.m in Sources */ = {isa = PBXBuildFile; fileRef = AFEC4B40159CBFA300B3D27E /* JSONKit.m */; settings = {COMPILER_FLAGS = "-fno-objc-arc"; }; };
/* End PBXBuildFile section */

/* Begin PBXContainerItemProxy section */
		AFEC4B28159CBEA500B3D27E /* PBXContainerItemProxy */ = {
			isa = PBXContainerItemProxy;
			containerPortal = AFEC4B08159CBEA400B3D27E /* Project object */;
			proxyType = 1;
			remoteGlobalIDString = AFEC4B10159CBEA400B3D27E;
			remoteInfo = LocalSearch;
		};
/* End PBXContainerItemProxy section */

/* Begin PBXCopyFilesBuildPhase section */
		AFEC4B0F159CBEA400B3D27E /* CopyFiles */ = {
			isa = PBXCopyFilesBuildPhase;
			buildActionMask = 2147483647;
			dstPath = "include/${PRODUCT_NAME}";
			dstSubfolderSpec = 16;
			files = (
				AFEC4B1A159CBEA400B3D27E /* BSLocalSearch.h in CopyFiles */,
			);
			runOnlyForDeploymentPostprocessing = 0;
		};
/* End PBXCopyFilesBuildPhase section */

/* Begin PBXFileReference section */
		AF5258B715A0F97600C26CFE /* Exceptions.h */ = {isa = PBXFileReference; fileEncoding = 4; lastKnownFileType = sourcecode.c.h; path = Exceptions.h; sourceTree = "<group>"; };
		AF5258E415A1D3AC00C26CFE /* CoreLocation.framework */ = {isa = PBXFileReference; lastKnownFileType = wrapper.framework; name = CoreLocation.framework; path = System/Library/Frameworks/CoreLocation.framework; sourceTree = SDKROOT; };
		AF58182815AE1B1B002FA5DB /* NSMutableURLRequest+Parameters.h */ = {isa = PBXFileReference; fileEncoding = 4; lastKnownFileType = sourcecode.c.h; path = "NSMutableURLRequest+Parameters.h"; sourceTree = "<group>"; };
		AF58182915AE1B1B002FA5DB /* NSMutableURLRequest+Parameters.m */ = {isa = PBXFileReference; fileEncoding = 4; lastKnownFileType = sourcecode.c.objc; path = "NSMutableURLRequest+Parameters.m"; sourceTree = "<group>"; };
		AF58182A15AE1B1B002FA5DB /* NSString+URLEncoding.h */ = {isa = PBXFileReference; fileEncoding = 4; lastKnownFileType = sourcecode.c.h; path = "NSString+URLEncoding.h"; sourceTree = "<group>"; };
		AF58182B15AE1B1B002FA5DB /* NSString+URLEncoding.m */ = {isa = PBXFileReference; fileEncoding = 4; lastKnownFileType = sourcecode.c.objc; path = "NSString+URLEncoding.m"; sourceTree = "<group>"; };
		AF58182C15AE1B1B002FA5DB /* NSURL+Base.h */ = {isa = PBXFileReference; fileEncoding = 4; lastKnownFileType = sourcecode.c.h; path = "NSURL+Base.h"; sourceTree = "<group>"; };
		AF58182D15AE1B1B002FA5DB /* NSURL+Base.m */ = {isa = PBXFileReference; fileEncoding = 4; lastKnownFileType = sourcecode.c.objc; path = "NSURL+Base.m"; sourceTree = "<group>"; };
		AF58182F15AE1B1B002FA5DB /* Base64Transcoder.c */ = {isa = PBXFileReference; fileEncoding = 4; lastKnownFileType = sourcecode.c.c; path = Base64Transcoder.c; sourceTree = "<group>"; };
		AF58183015AE1B1B002FA5DB /* Base64Transcoder.h */ = {isa = PBXFileReference; fileEncoding = 4; lastKnownFileType = sourcecode.c.h; path = Base64Transcoder.h; sourceTree = "<group>"; };
		AF58183115AE1B1B002FA5DB /* hmac.c */ = {isa = PBXFileReference; fileEncoding = 4; lastKnownFileType = sourcecode.c.c; path = hmac.c; sourceTree = "<group>"; };
		AF58183215AE1B1B002FA5DB /* hmac.h */ = {isa = PBXFileReference; fileEncoding = 4; lastKnownFileType = sourcecode.c.h; path = hmac.h; sourceTree = "<group>"; };
		AF58183315AE1B1B002FA5DB /* sha1.c */ = {isa = PBXFileReference; fileEncoding = 4; lastKnownFileType = sourcecode.c.c; path = sha1.c; sourceTree = "<group>"; };
		AF58183415AE1B1B002FA5DB /* sha1.h */ = {isa = PBXFileReference; fileEncoding = 4; lastKnownFileType = sourcecode.c.h; path = sha1.h; sourceTree = "<group>"; };
		AF58183515AE1B1B002FA5DB /* OAAttachment.h */ = {isa = PBXFileReference; fileEncoding = 4; lastKnownFileType = sourcecode.c.h; path = OAAttachment.h; sourceTree = "<group>"; };
		AF58183615AE1B1B002FA5DB /* OAAttachment.m */ = {isa = PBXFileReference; fileEncoding = 4; lastKnownFileType = sourcecode.c.objc; path = OAAttachment.m; sourceTree = "<group>"; };
		AF58183715AE1B1B002FA5DB /* OACall.h */ = {isa = PBXFileReference; fileEncoding = 4; lastKnownFileType = sourcecode.c.h; path = OACall.h; sourceTree = "<group>"; };
		AF58183815AE1B1B002FA5DB /* OACall.m */ = {isa = PBXFileReference; fileEncoding = 4; lastKnownFileType = sourcecode.c.objc; path = OACall.m; sourceTree = "<group>"; };
		AF58183915AE1B1B002FA5DB /* OAConsumer.h */ = {isa = PBXFileReference; fileEncoding = 4; lastKnownFileType = sourcecode.c.h; path = OAConsumer.h; sourceTree = "<group>"; };
		AF58183A15AE1B1B002FA5DB /* OAConsumer.m */ = {isa = PBXFileReference; fileEncoding = 4; lastKnownFileType = sourcecode.c.objc; path = OAConsumer.m; sourceTree = "<group>"; };
		AF58183B15AE1B1B002FA5DB /* OADataFetcher.h */ = {isa = PBXFileReference; fileEncoding = 4; lastKnownFileType = sourcecode.c.h; path = OADataFetcher.h; sourceTree = "<group>"; };
		AF58183C15AE1B1B002FA5DB /* OADataFetcher.m */ = {isa = PBXFileReference; fileEncoding = 4; lastKnownFileType = sourcecode.c.objc; path = OADataFetcher.m; sourceTree = "<group>"; };
		AF58183D15AE1B1B002FA5DB /* OAHMAC_SHA1SignatureProvider.h */ = {isa = PBXFileReference; fileEncoding = 4; lastKnownFileType = sourcecode.c.h; path = OAHMAC_SHA1SignatureProvider.h; sourceTree = "<group>"; };
		AF58183E15AE1B1B002FA5DB /* OAHMAC_SHA1SignatureProvider.m */ = {isa = PBXFileReference; fileEncoding = 4; lastKnownFileType = sourcecode.c.objc; path = OAHMAC_SHA1SignatureProvider.m; sourceTree = "<group>"; };
		AF58183F15AE1B1B002FA5DB /* OAMutableURLRequest.h */ = {isa = PBXFileReference; fileEncoding = 4; lastKnownFileType = sourcecode.c.h; path = OAMutableURLRequest.h; sourceTree = "<group>"; };
		AF58184015AE1B1B002FA5DB /* OAMutableURLRequest.m */ = {isa = PBXFileReference; fileEncoding = 4; lastKnownFileType = sourcecode.c.objc; path = OAMutableURLRequest.m; sourceTree = "<group>"; };
		AF58184115AE1B1B002FA5DB /* OAPlaintextSignatureProvider.h */ = {isa = PBXFileReference; fileEncoding = 4; lastKnownFileType = sourcecode.c.h; path = OAPlaintextSignatureProvider.h; sourceTree = "<group>"; };
		AF58184215AE1B1B002FA5DB /* OAPlaintextSignatureProvider.m */ = {isa = PBXFileReference; fileEncoding = 4; lastKnownFileType = sourcecode.c.objc; path = OAPlaintextSignatureProvider.m; sourceTree = "<group>"; };
		AF58184315AE1B1B002FA5DB /* OAProblem.h */ = {isa = PBXFileReference; fileEncoding = 4; lastKnownFileType = sourcecode.c.h; path = OAProblem.h; sourceTree = "<group>"; };
		AF58184415AE1B1B002FA5DB /* OAProblem.m */ = {isa = PBXFileReference; fileEncoding = 4; lastKnownFileType = sourcecode.c.objc; path = OAProblem.m; sourceTree = "<group>"; };
		AF58184515AE1B1B002FA5DB /* OARequestParameter.h */ = {isa = PBXFileReference; fileEncoding = 4; lastKnownFileType = sourcecode.c.h; path = OARequestParameter.h; sourceTree = "<group>"; };
		AF58184615AE1B1B002FA5DB /* OARequestParameter.m */ = {isa = PBXFileReference; fileEncoding = 4; lastKnownFileType = sourcecode.c.objc; path = OARequestParameter.m; sourceTree = "<group>"; };
		AF58184715AE1B1B002FA5DB /* OAServiceTicket.h */ = {isa = PBXFileReference; fileEncoding = 4; lastKnownFileType = sourcecode.c.h; path = OAServiceTicket.h; sourceTree = "<group>"; };
		AF58184815AE1B1B002FA5DB /* OAServiceTicket.m */ = {isa = PBXFileReference; fileEncoding = 4; lastKnownFileType = sourcecode.c.objc; path = OAServiceTicket.m; sourceTree = "<group>"; };
		AF58184915AE1B1B002FA5DB /* OASignatureProviding.h */ = {isa = PBXFileReference; fileEncoding = 4; lastKnownFileType = sourcecode.c.h; path = OASignatureProviding.h; sourceTree = "<group>"; };
		AF58184A15AE1B1B002FA5DB /* OATestServer.rb */ = {isa = PBXFileReference; fileEncoding = 4; lastKnownFileType = text.script.ruby; path = OATestServer.rb; sourceTree = "<group>"; };
		AF58184B15AE1B1B002FA5DB /* OAToken.h */ = {isa = PBXFileReference; fileEncoding = 4; lastKnownFileType = sourcecode.c.h; path = OAToken.h; sourceTree = "<group>"; };
		AF58184C15AE1B1B002FA5DB /* OAToken.m */ = {isa = PBXFileReference; fileEncoding = 4; lastKnownFileType = sourcecode.c.objc; path = OAToken.m; sourceTree = "<group>"; };
		AF58184D15AE1B1B002FA5DB /* OATokenManager.h */ = {isa = PBXFileReference; fileEncoding = 4; lastKnownFileType = sourcecode.c.h; path = OATokenManager.h; sourceTree = "<group>"; };
		AF58184E15AE1B1B002FA5DB /* OATokenManager.m */ = {isa = PBXFileReference; fileEncoding = 4; lastKnownFileType = sourcecode.c.objc; path = OATokenManager.m; sourceTree = "<group>"; };
		AF58184F15AE1B1B002FA5DB /* OAuthConsumer.h */ = {isa = PBXFileReference; fileEncoding = 4; lastKnownFileType = sourcecode.c.h; path = OAuthConsumer.h; sourceTree = "<group>"; };
		AF58186415AE1B58002FA5DB /* Security.framework */ = {isa = PBXFileReference; lastKnownFileType = wrapper.framework; name = Security.framework; path = System/Library/Frameworks/Security.framework; sourceTree = SDKROOT; };
		AF58186615AE1B65002FA5DB /* libxml2.dylib */ = {isa = PBXFileReference; lastKnownFileType = "compiled.mach-o.dylib"; name = libxml2.dylib; path = usr/lib/libxml2.dylib; sourceTree = SDKROOT; };
		AF58186815AE2208002FA5DB /* UIKit.framework */ = {isa = PBXFileReference; lastKnownFileType = wrapper.framework; name = UIKit.framework; path = System/Library/Frameworks/UIKit.framework; sourceTree = SDKROOT; };
		AFEC4B11159CBEA400B3D27E /* libBSLocalSearch.a */ = {isa = PBXFileReference; explicitFileType = archive.ar; includeInIndex = 0; path = libBSLocalSearch.a; sourceTree = BUILT_PRODUCTS_DIR; };
		AFEC4B14159CBEA400B3D27E /* Foundation.framework */ = {isa = PBXFileReference; lastKnownFileType = wrapper.framework; name = Foundation.framework; path = System/Library/Frameworks/Foundation.framework; sourceTree = SDKROOT; };
		AFEC4B18159CBEA400B3D27E /* LocalSearch-Prefix.pch */ = {isa = PBXFileReference; lastKnownFileType = sourcecode.c.h; path = "LocalSearch-Prefix.pch"; sourceTree = "<group>"; };
		AFEC4B19159CBEA400B3D27E /* BSLocalSearch.h */ = {isa = PBXFileReference; lastKnownFileType = sourcecode.c.h; path = BSLocalSearch.h; sourceTree = "<group>"; };
		AFEC4B1B159CBEA400B3D27E /* BSLocalSearch.m */ = {isa = PBXFileReference; lastKnownFileType = sourcecode.c.objc; path = BSLocalSearch.m; sourceTree = "<group>"; };
		AFEC4B22159CBEA500B3D27E /* LocalSearchTests.octest */ = {isa = PBXFileReference; explicitFileType = wrapper.cfbundle; includeInIndex = 0; path = LocalSearchTests.octest; sourceTree = BUILT_PRODUCTS_DIR; };
		AFEC4B23159CBEA500B3D27E /* SenTestingKit.framework */ = {isa = PBXFileReference; lastKnownFileType = wrapper.framework; name = SenTestingKit.framework; path = Library/Frameworks/SenTestingKit.framework; sourceTree = DEVELOPER_DIR; };
		AFEC4B25159CBEA500B3D27E /* UIKit.framework */ = {isa = PBXFileReference; lastKnownFileType = wrapper.framework; name = UIKit.framework; path = Library/Frameworks/UIKit.framework; sourceTree = DEVELOPER_DIR; };
		AFEC4B2D159CBEA500B3D27E /* LocalSearchTests-Info.plist */ = {isa = PBXFileReference; lastKnownFileType = text.plist.xml; path = "LocalSearchTests-Info.plist"; sourceTree = "<group>"; };
		AFEC4B2F159CBEA500B3D27E /* en */ = {isa = PBXFileReference; lastKnownFileType = text.plist.strings; name = en; path = en.lproj/InfoPlist.strings; sourceTree = "<group>"; };
		AFEC4B31159CBEA500B3D27E /* LocalSearchTests.h */ = {isa = PBXFileReference; lastKnownFileType = sourcecode.c.h; path = LocalSearchTests.h; sourceTree = "<group>"; };
		AFEC4B32159CBEA500B3D27E /* LocalSearchTests.m */ = {isa = PBXFileReference; lastKnownFileType = sourcecode.c.objc; path = LocalSearchTests.m; sourceTree = "<group>"; };
		AFEC4B3E159CBFA300B3D27E /* CHANGELOG.md */ = {isa = PBXFileReference; fileEncoding = 4; lastKnownFileType = text; path = CHANGELOG.md; sourceTree = "<group>"; };
		AFEC4B3F159CBFA300B3D27E /* JSONKit.h */ = {isa = PBXFileReference; fileEncoding = 4; lastKnownFileType = sourcecode.c.h; path = JSONKit.h; sourceTree = "<group>"; };
		AFEC4B40159CBFA300B3D27E /* JSONKit.m */ = {isa = PBXFileReference; fileEncoding = 4; lastKnownFileType = sourcecode.c.objc; path = JSONKit.m; sourceTree = "<group>"; };
		AFEC4B41159CBFA300B3D27E /* README.md */ = {isa = PBXFileReference; fileEncoding = 4; lastKnownFileType = text; path = README.md; sourceTree = "<group>"; };
/* End PBXFileReference section */

/* Begin PBXFrameworksBuildPhase section */
		AFEC4B0E159CBEA400B3D27E /* Frameworks */ = {
			isa = PBXFrameworksBuildPhase;
			buildActionMask = 2147483647;
			files = (
				AF58186915AE2208002FA5DB /* UIKit.framework in Frameworks */,
				AF58186715AE1B65002FA5DB /* libxml2.dylib in Frameworks */,
				AF58186515AE1B58002FA5DB /* Security.framework in Frameworks */,
				AF5258E515A1D3AC00C26CFE /* CoreLocation.framework in Frameworks */,
				AFEC4B15159CBEA400B3D27E /* Foundation.framework in Frameworks */,
			);
			runOnlyForDeploymentPostprocessing = 0;
		};
		AFEC4B1E159CBEA500B3D27E /* Frameworks */ = {
			isa = PBXFrameworksBuildPhase;
			buildActionMask = 2147483647;
			files = (
				AF5258EA15A1D76F00C26CFE /* CoreLocation.framework in Frameworks */,
				AFEC4B24159CBEA500B3D27E /* SenTestingKit.framework in Frameworks */,
				AFEC4B26159CBEA500B3D27E /* UIKit.framework in Frameworks */,
				AFEC4B27159CBEA500B3D27E /* Foundation.framework in Frameworks */,
				AFEC4B2A159CBEA500B3D27E /* libBSLocalSearch.a in Frameworks */,
			);
			runOnlyForDeploymentPostprocessing = 0;
		};
/* End PBXFrameworksBuildPhase section */

/* Begin PBXGroup section */
		AF58182615AE1B1B002FA5DB /* OAuthConsumer */ = {
			isa = PBXGroup;
			children = (
				AF58182715AE1B1B002FA5DB /* Categories */,
				AF58182E15AE1B1B002FA5DB /* Crypto */,
				AF58183515AE1B1B002FA5DB /* OAAttachment.h */,
				AF58183615AE1B1B002FA5DB /* OAAttachment.m */,
				AF58183715AE1B1B002FA5DB /* OACall.h */,
				AF58183815AE1B1B002FA5DB /* OACall.m */,
				AF58183915AE1B1B002FA5DB /* OAConsumer.h */,
				AF58183A15AE1B1B002FA5DB /* OAConsumer.m */,
				AF58183B15AE1B1B002FA5DB /* OADataFetcher.h */,
				AF58183C15AE1B1B002FA5DB /* OADataFetcher.m */,
				AF58183D15AE1B1B002FA5DB /* OAHMAC_SHA1SignatureProvider.h */,
				AF58183E15AE1B1B002FA5DB /* OAHMAC_SHA1SignatureProvider.m */,
				AF58183F15AE1B1B002FA5DB /* OAMutableURLRequest.h */,
				AF58184015AE1B1B002FA5DB /* OAMutableURLRequest.m */,
				AF58184115AE1B1B002FA5DB /* OAPlaintextSignatureProvider.h */,
				AF58184215AE1B1B002FA5DB /* OAPlaintextSignatureProvider.m */,
				AF58184315AE1B1B002FA5DB /* OAProblem.h */,
				AF58184415AE1B1B002FA5DB /* OAProblem.m */,
				AF58184515AE1B1B002FA5DB /* OARequestParameter.h */,
				AF58184615AE1B1B002FA5DB /* OARequestParameter.m */,
				AF58184715AE1B1B002FA5DB /* OAServiceTicket.h */,
				AF58184815AE1B1B002FA5DB /* OAServiceTicket.m */,
				AF58184915AE1B1B002FA5DB /* OASignatureProviding.h */,
				AF58184A15AE1B1B002FA5DB /* OATestServer.rb */,
				AF58184B15AE1B1B002FA5DB /* OAToken.h */,
				AF58184C15AE1B1B002FA5DB /* OAToken.m */,
				AF58184D15AE1B1B002FA5DB /* OATokenManager.h */,
				AF58184E15AE1B1B002FA5DB /* OATokenManager.m */,
				AF58184F15AE1B1B002FA5DB /* OAuthConsumer.h */,
			);
			path = OAuthConsumer;
			sourceTree = "<group>";
		};
		AF58182715AE1B1B002FA5DB /* Categories */ = {
			isa = PBXGroup;
			children = (
				AF58182815AE1B1B002FA5DB /* NSMutableURLRequest+Parameters.h */,
				AF58182915AE1B1B002FA5DB /* NSMutableURLRequest+Parameters.m */,
				AF58182A15AE1B1B002FA5DB /* NSString+URLEncoding.h */,
				AF58182B15AE1B1B002FA5DB /* NSString+URLEncoding.m */,
				AF58182C15AE1B1B002FA5DB /* NSURL+Base.h */,
				AF58182D15AE1B1B002FA5DB /* NSURL+Base.m */,
			);
			path = Categories;
			sourceTree = "<group>";
		};
		AF58182E15AE1B1B002FA5DB /* Crypto */ = {
			isa = PBXGroup;
			children = (
				AF58182F15AE1B1B002FA5DB /* Base64Transcoder.c */,
				AF58183015AE1B1B002FA5DB /* Base64Transcoder.h */,
				AF58183115AE1B1B002FA5DB /* hmac.c */,
				AF58183215AE1B1B002FA5DB /* hmac.h */,
				AF58183315AE1B1B002FA5DB /* sha1.c */,
				AF58183415AE1B1B002FA5DB /* sha1.h */,
			);
			path = Crypto;
			sourceTree = "<group>";
		};
		AFEC4B06159CBEA400B3D27E = {
			isa = PBXGroup;
			children = (
				AFEC4B3C159CBFA300B3D27E /* submodules */,
				AFEC4B16159CBEA400B3D27E /* LocalSearch */,
				AFEC4B2B159CBEA500B3D27E /* LocalSearchTests */,
				AFEC4B13159CBEA400B3D27E /* Frameworks */,
				AFEC4B12159CBEA400B3D27E /* Products */,
			);
			sourceTree = "<group>";
		};
		AFEC4B12159CBEA400B3D27E /* Products */ = {
			isa = PBXGroup;
			children = (
				AFEC4B11159CBEA400B3D27E /* libBSLocalSearch.a */,
				AFEC4B22159CBEA500B3D27E /* LocalSearchTests.octest */,
			);
			name = Products;
			sourceTree = "<group>";
		};
		AFEC4B13159CBEA400B3D27E /* Frameworks */ = {
			isa = PBXGroup;
			children = (
				AF58186615AE1B65002FA5DB /* libxml2.dylib */,
				AF58186815AE2208002FA5DB /* UIKit.framework */,
				AF58186415AE1B58002FA5DB /* Security.framework */,
				AF5258E415A1D3AC00C26CFE /* CoreLocation.framework */,
				AFEC4B14159CBEA400B3D27E /* Foundation.framework */,
				AFEC4B23159CBEA500B3D27E /* SenTestingKit.framework */,
				AFEC4B25159CBEA500B3D27E /* UIKit.framework */,
			);
			name = Frameworks;
			sourceTree = "<group>";
		};
		AFEC4B16159CBEA400B3D27E /* LocalSearch */ = {
			isa = PBXGroup;
			children = (
				AFEC4B19159CBEA400B3D27E /* BSLocalSearch.h */,
				AFEC4B1B159CBEA400B3D27E /* BSLocalSearch.m */,
				AFEC4B17159CBEA400B3D27E /* Supporting Files */,
				AF5258B715A0F97600C26CFE /* Exceptions.h */,
			);
			path = LocalSearch;
			sourceTree = "<group>";
		};
		AFEC4B17159CBEA400B3D27E /* Supporting Files */ = {
			isa = PBXGroup;
			children = (
				AFEC4B18159CBEA400B3D27E /* LocalSearch-Prefix.pch */,
			);
			name = "Supporting Files";
			sourceTree = "<group>";
		};
		AFEC4B2B159CBEA500B3D27E /* LocalSearchTests */ = {
			isa = PBXGroup;
			children = (
				AFEC4B31159CBEA500B3D27E /* LocalSearchTests.h */,
				AFEC4B32159CBEA500B3D27E /* LocalSearchTests.m */,
				AFEC4B2C159CBEA500B3D27E /* Supporting Files */,
			);
			path = LocalSearchTests;
			sourceTree = "<group>";
		};
		AFEC4B2C159CBEA500B3D27E /* Supporting Files */ = {
			isa = PBXGroup;
			children = (
				AFEC4B2D159CBEA500B3D27E /* LocalSearchTests-Info.plist */,
				AFEC4B2E159CBEA500B3D27E /* InfoPlist.strings */,
			);
			name = "Supporting Files";
			sourceTree = "<group>";
		};
		AFEC4B3C159CBFA300B3D27E /* submodules */ = {
			isa = PBXGroup;
			children = (
				AF58182615AE1B1B002FA5DB /* OAuthConsumer */,
				AFEC4B3D159CBFA300B3D27E /* JSONKit */,
			);
			path = submodules;
			sourceTree = "<group>";
		};
		AFEC4B3D159CBFA300B3D27E /* JSONKit */ = {
			isa = PBXGroup;
			children = (
				AFEC4B3E159CBFA300B3D27E /* CHANGELOG.md */,
				AFEC4B3F159CBFA300B3D27E /* JSONKit.h */,
				AFEC4B40159CBFA300B3D27E /* JSONKit.m */,
				AFEC4B41159CBFA300B3D27E /* README.md */,
			);
			path = JSONKit;
			sourceTree = "<group>";
		};
/* End PBXGroup section */

/* Begin PBXNativeTarget section */
		AFEC4B10159CBEA400B3D27E /* BSLocalSearch */ = {
			isa = PBXNativeTarget;
			buildConfigurationList = AFEC4B36159CBEA500B3D27E /* Build configuration list for PBXNativeTarget "BSLocalSearch" */;
			buildPhases = (
				AFEC4B0D159CBEA400B3D27E /* Sources */,
				AFEC4B0E159CBEA400B3D27E /* Frameworks */,
				AFEC4B0F159CBEA400B3D27E /* CopyFiles */,
			);
			buildRules = (
			);
			dependencies = (
			);
			name = BSLocalSearch;
			productName = LocalSearch;
			productReference = AFEC4B11159CBEA400B3D27E /* libBSLocalSearch.a */;
			productType = "com.apple.product-type.library.static";
		};
		AFEC4B21159CBEA500B3D27E /* LocalSearchTests */ = {
			isa = PBXNativeTarget;
			buildConfigurationList = AFEC4B39159CBEA500B3D27E /* Build configuration list for PBXNativeTarget "LocalSearchTests" */;
			buildPhases = (
				AFEC4B1D159CBEA500B3D27E /* Sources */,
				AFEC4B1E159CBEA500B3D27E /* Frameworks */,
				AFEC4B1F159CBEA500B3D27E /* Resources */,
				AFEC4B20159CBEA500B3D27E /* ShellScript */,
			);
			buildRules = (
			);
			dependencies = (
				AFEC4B29159CBEA500B3D27E /* PBXTargetDependency */,
			);
			name = LocalSearchTests;
			productName = LocalSearchTests;
			productReference = AFEC4B22159CBEA500B3D27E /* LocalSearchTests.octest */;
			productType = "com.apple.product-type.bundle";
		};
/* End PBXNativeTarget section */

/* Begin PBXProject section */
		AFEC4B08159CBEA400B3D27E /* Project object */ = {
			isa = PBXProject;
			attributes = {
				LastUpgradeCheck = 0450;
				ORGANIZATIONNAME = "Kayle Gishen";
			};
			buildConfigurationList = AFEC4B0B159CBEA400B3D27E /* Build configuration list for PBXProject "LocalSearch" */;
			compatibilityVersion = "Xcode 3.2";
			developmentRegion = English;
			hasScannedForEncodings = 0;
			knownRegions = (
				en,
			);
			mainGroup = AFEC4B06159CBEA400B3D27E;
			productRefGroup = AFEC4B12159CBEA400B3D27E /* Products */;
			projectDirPath = "";
			projectRoot = "";
			targets = (
				AFEC4B10159CBEA400B3D27E /* BSLocalSearch */,
				AFEC4B21159CBEA500B3D27E /* LocalSearchTests */,
			);
		};
/* End PBXProject section */

/* Begin PBXResourcesBuildPhase section */
		AFEC4B1F159CBEA500B3D27E /* Resources */ = {
			isa = PBXResourcesBuildPhase;
			buildActionMask = 2147483647;
			files = (
				AFEC4B30159CBEA500B3D27E /* InfoPlist.strings in Resources */,
			);
			runOnlyForDeploymentPostprocessing = 0;
		};
/* End PBXResourcesBuildPhase section */

/* Begin PBXShellScriptBuildPhase section */
		AFEC4B20159CBEA500B3D27E /* ShellScript */ = {
			isa = PBXShellScriptBuildPhase;
			buildActionMask = 2147483647;
			files = (
			);
			inputPaths = (
			);
			outputPaths = (
			);
			runOnlyForDeploymentPostprocessing = 0;
			shellPath = /bin/sh;
			shellScript = "# Run the unit tests in this test bundle.\n\"${SYSTEM_DEVELOPER_DIR}/Tools/RunUnitTests\"\n";
		};
/* End PBXShellScriptBuildPhase section */

/* Begin PBXSourcesBuildPhase section */
		AFEC4B0D159CBEA400B3D27E /* Sources */ = {
			isa = PBXSourcesBuildPhase;
			buildActionMask = 2147483647;
			files = (
				AFEC4B1C159CBEA400B3D27E /* BSLocalSearch.m in Sources */,
				AF58185115AE1B1B002FA5DB /* NSMutableURLRequest+Parameters.m in Sources */,
				AFEC4B42159CBFA300B3D27E /* JSONKit.m in Sources */,
				AF58185215AE1B1B002FA5DB /* NSString+URLEncoding.m in Sources */,
				AF58185315AE1B1B002FA5DB /* NSURL+Base.m in Sources */,
				AF58185415AE1B1B002FA5DB /* Base64Transcoder.c in Sources */,
				AF58185515AE1B1B002FA5DB /* hmac.c in Sources */,
				AF58185615AE1B1B002FA5DB /* sha1.c in Sources */,
				AF58185715AE1B1B002FA5DB /* OAAttachment.m in Sources */,
				AF58185815AE1B1B002FA5DB /* OACall.m in Sources */,
				AF58185915AE1B1B002FA5DB /* OAConsumer.m in Sources */,
				AF58185A15AE1B1B002FA5DB /* OADataFetcher.m in Sources */,
				AF58185B15AE1B1B002FA5DB /* OAHMAC_SHA1SignatureProvider.m in Sources */,
				AF58185C15AE1B1B002FA5DB /* OAMutableURLRequest.m in Sources */,
				AF58185D15AE1B1B002FA5DB /* OAPlaintextSignatureProvider.m in Sources */,
				AF58185E15AE1B1B002FA5DB /* OAProblem.m in Sources */,
				AF58185F15AE1B1B002FA5DB /* OARequestParameter.m in Sources */,
				AF58186015AE1B1B002FA5DB /* OAServiceTicket.m in Sources */,
				AF58186115AE1B1B002FA5DB /* OAToken.m in Sources */,
				AF58186215AE1B1B002FA5DB /* OATokenManager.m in Sources */,
			);
			runOnlyForDeploymentPostprocessing = 0;
		};
		AFEC4B1D159CBEA500B3D27E /* Sources */ = {
			isa = PBXSourcesBuildPhase;
			buildActionMask = 2147483647;
			files = (
				AFEC4B33159CBEA500B3D27E /* LocalSearchTests.m in Sources */,
			);
			runOnlyForDeploymentPostprocessing = 0;
		};
/* End PBXSourcesBuildPhase section */

/* Begin PBXTargetDependency section */
		AFEC4B29159CBEA500B3D27E /* PBXTargetDependency */ = {
			isa = PBXTargetDependency;
			target = AFEC4B10159CBEA400B3D27E /* BSLocalSearch */;
			targetProxy = AFEC4B28159CBEA500B3D27E /* PBXContainerItemProxy */;
		};
/* End PBXTargetDependency section */

/* Begin PBXVariantGroup section */
		AFEC4B2E159CBEA500B3D27E /* InfoPlist.strings */ = {
			isa = PBXVariantGroup;
			children = (
				AFEC4B2F159CBEA500B3D27E /* en */,
			);
			name = InfoPlist.strings;
			sourceTree = "<group>";
		};
/* End PBXVariantGroup section */

/* Begin XCBuildConfiguration section */
		AFEC4B34159CBEA500B3D27E /* Debug */ = {
			isa = XCBuildConfiguration;
			buildSettings = {
				ALWAYS_SEARCH_USER_PATHS = NO;
				CLANG_CXX_LANGUAGE_STANDARD = "gnu++0x";
				CLANG_ENABLE_OBJC_ARC = YES;
				CLANG_WARN__DUPLICATE_METHOD_MATCH = YES;
				COPY_PHASE_STRIP = NO;
				GCC_C_LANGUAGE_STANDARD = gnu99;
				GCC_DYNAMIC_NO_PIC = NO;
				GCC_OPTIMIZATION_LEVEL = 0;
				GCC_PREPROCESSOR_DEFINITIONS = (
					"DEBUG=1",
					"$(inherited)",
				);
				GCC_SYMBOLS_PRIVATE_EXTERN = NO;
				GCC_WARN_ABOUT_RETURN_TYPE = YES;
				GCC_WARN_UNINITIALIZED_AUTOS = YES;
				GCC_WARN_UNUSED_VARIABLE = YES;
				IPHONEOS_DEPLOYMENT_TARGET = 6.0;
				SDKROOT = iphoneos;
			};
			name = Debug;
		};
		AFEC4B35159CBEA500B3D27E /* Release */ = {
			isa = XCBuildConfiguration;
			buildSettings = {
				ALWAYS_SEARCH_USER_PATHS = NO;
				CLANG_CXX_LANGUAGE_STANDARD = "gnu++0x";
				CLANG_ENABLE_OBJC_ARC = YES;
				CLANG_WARN__DUPLICATE_METHOD_MATCH = YES;
				COPY_PHASE_STRIP = YES;
				GCC_C_LANGUAGE_STANDARD = gnu99;
				GCC_WARN_ABOUT_RETURN_TYPE = YES;
				GCC_WARN_UNINITIALIZED_AUTOS = YES;
				GCC_WARN_UNUSED_VARIABLE = YES;
				IPHONEOS_DEPLOYMENT_TARGET = 6.0;
				SDKROOT = iphoneos;
				VALIDATE_PRODUCT = YES;
			};
			name = Release;
		};
		AFEC4B37159CBEA500B3D27E /* Debug */ = {
			isa = XCBuildConfiguration;
			buildSettings = {
				DSTROOT = /tmp/LocalSearch.dst;
				GCC_PRECOMPILE_PREFIX_HEADER = YES;
				GCC_PREFIX_HEADER = "LocalSearch/LocalSearch-Prefix.pch";
				OTHER_LDFLAGS = "-ObjC";
				PRODUCT_NAME = "$(TARGET_NAME)";
				SKIP_INSTALL = YES;
			};
			name = Debug;
		};
		AFEC4B38159CBEA500B3D27E /* Release */ = {
			isa = XCBuildConfiguration;
			buildSettings = {
				DSTROOT = /tmp/LocalSearch.dst;
				GCC_PRECOMPILE_PREFIX_HEADER = YES;
				GCC_PREFIX_HEADER = "LocalSearch/LocalSearch-Prefix.pch";
				OTHER_LDFLAGS = "-ObjC";
				PRODUCT_NAME = "$(TARGET_NAME)";
				SKIP_INSTALL = YES;
			};
			name = Release;
		};
		AFEC4B3A159CBEA500B3D27E /* Debug */ = {
			isa = XCBuildConfiguration;
			buildSettings = {
				FRAMEWORK_SEARCH_PATHS = (
					"\"$(SDKROOT)/Developer/Library/Frameworks\"",
					"\"$(DEVELOPER_LIBRARY_DIR)/Frameworks\"",
				);
				GCC_PRECOMPILE_PREFIX_HEADER = YES;
				GCC_PREFIX_HEADER = "LocalSearch/LocalSearch-Prefix.pch";
				INFOPLIST_FILE = "LocalSearchTests/LocalSearchTests-Info.plist";
				OTHER_LDFLAGS = "-all_load";
				PRODUCT_NAME = "$(TARGET_NAME)";
				WRAPPER_EXTENSION = octest;
			};
			name = Debug;
		};
		AFEC4B3B159CBEA500B3D27E /* Release */ = {
			isa = XCBuildConfiguration;
			buildSettings = {
				FRAMEWORK_SEARCH_PATHS = (
					"\"$(SDKROOT)/Developer/Library/Frameworks\"",
					"\"$(DEVELOPER_LIBRARY_DIR)/Frameworks\"",
				);
				GCC_PRECOMPILE_PREFIX_HEADER = YES;
				GCC_PREFIX_HEADER = "LocalSearch/LocalSearch-Prefix.pch";
				INFOPLIST_FILE = "LocalSearchTests/LocalSearchTests-Info.plist";
				OTHER_LDFLAGS = "-all_load";
				PRODUCT_NAME = "$(TARGET_NAME)";
				WRAPPER_EXTENSION = octest;
			};
			name = Release;
		};
/* End XCBuildConfiguration section */

/* Begin XCConfigurationList section */
		AFEC4B0B159CBEA400B3D27E /* Build configuration list for PBXProject "LocalSearch" */ = {
			isa = XCConfigurationList;
			buildConfigurations = (
				AFEC4B34159CBEA500B3D27E /* Debug */,
				AFEC4B35159CBEA500B3D27E /* Release */,
			);
			defaultConfigurationIsVisible = 0;
			defaultConfigurationName = Release;
		};
		AFEC4B36159CBEA500B3D27E /* Build configuration list for PBXNativeTarget "BSLocalSearch" */ = {
			isa = XCConfigurationList;
			buildConfigurations = (
				AFEC4B37159CBEA500B3D27E /* Debug */,
				AFEC4B38159CBEA500B3D27E /* Release */,
			);
			defaultConfigurationIsVisible = 0;
			defaultConfigurationName = Release;
		};
		AFEC4B39159CBEA500B3D27E /* Build configuration list for PBXNativeTarget "LocalSearchTests" */ = {
			isa = XCConfigurationList;
			buildConfigurations = (
				AFEC4B3A159CBEA500B3D27E /* Debug */,
				AFEC4B3B159CBEA500B3D27E /* Release */,
			);
			defaultConfigurationIsVisible = 0;
			defaultConfigurationName = Release;
		};
/* End XCConfigurationList section */
	};
	rootObject = AFEC4B08159CBEA400B3D27E /* Project object */;
}
